
Microsoft Visual Studio Solution File, Format Version 12.00
# Visual Studio Version 16
VisualStudioVersion = 16.0.30503.244
MinimumVisualStudioVersion = 10.0.40219.1
Project("{FAE04EC0-301F-11D3-BF4B-00C04F79EFBC}") = "AdderssBook Csharp", "AdderssBook Csharp\AdderssBook Csharp.csproj", "{DFABC5B9-A89E-4C36-A24A-455B540D0E1E}"
EndProject
Global
	GlobalSection(SolutionConfigurationPlatforms) = preSolution
		Debug|Any CPU = Debug|Any CPU
		Release|Any CPU = Release|Any CPU
	EndGlobalSection
	GlobalSection(ProjectConfigurationPlatforms) = postSolution
		{DFABC5B9-A89E-4C36-A24A-455B540D0E1E}.Debug|Any CPU.ActiveCfg = Debug|Any CPU
		{DFABC5B9-A89E-4C36-A24A-455B540D0E1E}.Debug|Any CPU.Build.0 = Debug|Any CPU
		{DFABC5B9-A89E-4C36-A24A-455B540D0E1E}.Release|Any CPU.ActiveCfg = Release|Any CPU
		{DFABC5B9-A89E-4C36-A24A-455B540D0E1E}.Release|Any CPU.Build.0 = Release|Any CPU
	EndGlobalSection
	GlobalSection(SolutionProperties) = preSolution
		HideSolutionNode = FALSE
	EndGlobalSection
	GlobalSection(ExtensibilityGlobals) = postSolution
		SolutionGuid = {47A1782F-C982-49C3-94F5-6562BC759300}
	EndGlobalSection
EndGlobal
